{
  "name": "CandidateScreeningTool",
  "lockfileVersion": 3,
  "requires": true,
  "packages": {
    "": {
      "dependencies": {
        "@leeoniya/ufuzzy": "^1.0.14"
      }
    },
    "node_modules/@leeoniya/ufuzzy": {
      "version": "1.0.14",
      "resolved": "https://registry.npmjs.org/@leeoniya/ufuzzy/-/ufuzzy-1.0.14.tgz",
      "integrity": "sha512-/xF4baYuCQMo+L/fMSUrZnibcu0BquEGnbxfVPiZhs/NbJeKj4c/UmFpQzW9Us0w45ui/yYW3vyaqawhNYsTzA=="
    }
  }
}
